// !$*UTF8*$!
{
	archiveVersion = 1;
	classes = {
	};
	objectVersion = 55;
	objects = {

/* Begin PBXBuildFile section */
		6A63B8E527D666AB00BAAD15 /* AppDelegate.swift in Sources */ = {isa = PBXBuildFile; fileRef = 6A63B8E427D666AB00BAAD15 /* AppDelegate.swift */; };
		6A63B8E727D666AB00BAAD15 /* SceneDelegate.swift in Sources */ = {isa = PBXBuildFile; fileRef = 6A63B8E627D666AB00BAAD15 /* SceneDelegate.swift */; };
		6A63B8EC27D666AB00BAAD15 /* Main.storyboard in Resources */ = {isa = PBXBuildFile; fileRef = 6A63B8EA27D666AB00BAAD15 /* Main.storyboard */; };
		6A63B8EE27D666AE00BAAD15 /* Assets.xcassets in Resources */ = {isa = PBXBuildFile; fileRef = 6A63B8ED27D666AE00BAAD15 /* Assets.xcassets */; };
		6A63B8F127D666AE00BAAD15 /* LaunchScreen.storyboard in Resources */ = {isa = PBXBuildFile; fileRef = 6A63B8EF27D666AE00BAAD15 /* LaunchScreen.storyboard */; };
		6A63B90627D666AE00BAAD15 /* StocksAppUITests.swift in Sources */ = {isa = PBXBuildFile; fileRef = 6A63B90527D666AE00BAAD15 /* StocksAppUITests.swift */; };
		6A63B90827D666AE00BAAD15 /* StocksAppUITestsLaunchTests.swift in Sources */ = {isa = PBXBuildFile; fileRef = 6A63B90727D666AE00BAAD15 /* StocksAppUITestsLaunchTests.swift */; };
		6A63B91827D66CAA00BAAD15 /* Stock.swift in Sources */ = {isa = PBXBuildFile; fileRef = 6A63B91727D66CAA00BAAD15 /* Stock.swift */; };
		6A63B92227D67BEE00BAAD15 /* StockListViewModel.swift in Sources */ = {isa = PBXBuildFile; fileRef = 6A63B92127D67BEE00BAAD15 /* StockListViewModel.swift */; };
		6A63B92427D67C1B00BAAD15 /* StockListViewController.swift in Sources */ = {isa = PBXBuildFile; fileRef = 6A63B92327D67C1B00BAAD15 /* StockListViewController.swift */; };
		6A63B92727D67CA900BAAD15 /* StockListInteractor.swift in Sources */ = {isa = PBXBuildFile; fileRef = 6A63B92627D67CA900BAAD15 /* StockListInteractor.swift */; };
		6A63B92A27D70D1100BAAD15 /* NetworkManager.swift in Sources */ = {isa = PBXBuildFile; fileRef = 6A63B92927D70D1100BAAD15 /* NetworkManager.swift */; };
		6A63B92D27D751AA00BAAD15 /* StockListTableViewCell.swift in Sources */ = {isa = PBXBuildFile; fileRef = 6A63B92B27D751AA00BAAD15 /* StockListTableViewCell.swift */; };
		6A63B92E27D751AA00BAAD15 /* StockListTableViewCell.xib in Resources */ = {isa = PBXBuildFile; fileRef = 6A63B92C27D751AA00BAAD15 /* StockListTableViewCell.xib */; };
		6A63B93127D7840D00BAAD15 /* Double+Extension.swift in Sources */ = {isa = PBXBuildFile; fileRef = 6A63B93027D7840D00BAAD15 /* Double+Extension.swift */; };
		6A63B93427D7B12300BAAD15 /* RootCoordinator.swift in Sources */ = {isa = PBXBuildFile; fileRef = 6A63B93327D7B12300BAAD15 /* RootCoordinator.swift */; };
		6A63B93627D7B21300BAAD15 /* StockListCoordibator.swift in Sources */ = {isa = PBXBuildFile; fileRef = 6A63B93527D7B21300BAAD15 /* StockListCoordibator.swift */; };
		6A63B93827D8616D00BAAD15 /* StockListInteractorTest.swift in Sources */ = {isa = PBXBuildFile; fileRef = 6A63B93727D8616D00BAAD15 /* StockListInteractorTest.swift */; };
		6A63B93D27D8676400BAAD15 /* StockMock.swift in Sources */ = {isa = PBXBuildFile; fileRef = 6A63B93C27D8676400BAAD15 /* StockMock.swift */; };
		6A63B94127D86A6600BAAD15 /* StockListViewModelTest.swift in Sources */ = {isa = PBXBuildFile; fileRef = 6A63B94027D86A6600BAAD15 /* StockListViewModelTest.swift */; };
/* End PBXBuildFile section */

/* Begin PBXContainerItemProxy section */
		6A63B8F827D666AE00BAAD15 /* PBXContainerItemProxy */ = {
			isa = PBXContainerItemProxy;
			containerPortal = 6A63B8D927D666AB00BAAD15 /* Project object */;
			proxyType = 1;
			remoteGlobalIDString = 6A63B8E027D666AB00BAAD15;
			remoteInfo = StocksApp;
		};
		6A63B90227D666AE00BAAD15 /* PBXContainerItemProxy */ = {
			isa = PBXContainerItemProxy;
			containerPortal = 6A63B8D927D666AB00BAAD15 /* Project object */;
			proxyType = 1;
			remoteGlobalIDString = 6A63B8E027D666AB00BAAD15;
			remoteInfo = StocksApp;
		};
/* End PBXContainerItemProxy section */

/* Begin PBXFileReference section */
		6A63B8E127D666AB00BAAD15 /* StocksApp.app */ = {isa = PBXFileReference; explicitFileType = wrapper.application; includeInIndex = 0; path = StocksApp.app; sourceTree = BUILT_PRODUCTS_DIR; };
		6A63B8E427D666AB00BAAD15 /* AppDelegate.swift */ = {isa = PBXFileReference; lastKnownFileType = sourcecode.swift; path = AppDelegate.swift; sourceTree = "<group>"; };
		6A63B8E627D666AB00BAAD15 /* SceneDelegate.swift */ = {isa = PBXFileReference; lastKnownFileType = sourcecode.swift; path = SceneDelegate.swift; sourceTree = "<group>"; };
		6A63B8EB27D666AB00BAAD15 /* Base */ = {isa = PBXFileReference; lastKnownFileType = file.storyboard; name = Base; path = Base.lproj/Main.storyboard; sourceTree = "<group>"; };
		6A63B8ED27D666AE00BAAD15 /* Assets.xcassets */ = {isa = PBXFileReference; lastKnownFileType = folder.assetcatalog; path = Assets.xcassets; sourceTree = "<group>"; };
		6A63B8F027D666AE00BAAD15 /* Base */ = {isa = PBXFileReference; lastKnownFileType = file.storyboard; name = Base; path = Base.lproj/LaunchScreen.storyboard; sourceTree = "<group>"; };
		6A63B8F227D666AE00BAAD15 /* Info.plist */ = {isa = PBXFileReference; lastKnownFileType = text.plist.xml; path = Info.plist; sourceTree = "<group>"; };
		6A63B8F727D666AE00BAAD15 /* StocksAppTests.xctest */ = {isa = PBXFileReference; explicitFileType = wrapper.cfbundle; includeInIndex = 0; path = StocksAppTests.xctest; sourceTree = BUILT_PRODUCTS_DIR; };
		6A63B90127D666AE00BAAD15 /* StocksAppUITests.xctest */ = {isa = PBXFileReference; explicitFileType = wrapper.cfbundle; includeInIndex = 0; path = StocksAppUITests.xctest; sourceTree = BUILT_PRODUCTS_DIR; };
		6A63B90527D666AE00BAAD15 /* StocksAppUITests.swift */ = {isa = PBXFileReference; lastKnownFileType = sourcecode.swift; path = StocksAppUITests.swift; sourceTree = "<group>"; };
		6A63B90727D666AE00BAAD15 /* StocksAppUITestsLaunchTests.swift */ = {isa = PBXFileReference; lastKnownFileType = sourcecode.swift; path = StocksAppUITestsLaunchTests.swift; sourceTree = "<group>"; };
		6A63B91727D66CAA00BAAD15 /* Stock.swift */ = {isa = PBXFileReference; lastKnownFileType = sourcecode.swift; path = Stock.swift; sourceTree = "<group>"; };
		6A63B92127D67BEE00BAAD15 /* StockListViewModel.swift */ = {isa = PBXFileReference; lastKnownFileType = sourcecode.swift; path = StockListViewModel.swift; sourceTree = "<group>"; };
		6A63B92327D67C1B00BAAD15 /* StockListViewController.swift */ = {isa = PBXFileReference; lastKnownFileType = sourcecode.swift; path = StockListViewController.swift; sourceTree = "<group>"; };
		6A63B92627D67CA900BAAD15 /* StockListInteractor.swift */ = {isa = PBXFileReference; lastKnownFileType = sourcecode.swift; path = StockListInteractor.swift; sourceTree = "<group>"; };
		6A63B92927D70D1100BAAD15 /* NetworkManager.swift */ = {isa = PBXFileReference; lastKnownFileType = sourcecode.swift; path = NetworkManager.swift; sourceTree = "<group>"; };
		6A63B92B27D751AA00BAAD15 /* StockListTableViewCell.swift */ = {isa = PBXFileReference; lastKnownFileType = sourcecode.swift; path = StockListTableViewCell.swift; sourceTree = "<group>"; };
		6A63B92C27D751AA00BAAD15 /* StockListTableViewCell.xib */ = {isa = PBXFileReference; lastKnownFileType = file.xib; path = StockListTableViewCell.xib; sourceTree = "<group>"; };
		6A63B93027D7840D00BAAD15 /* Double+Extension.swift */ = {isa = PBXFileReference; lastKnownFileType = sourcecode.swift; path = "Double+Extension.swift"; sourceTree = "<group>"; };
		6A63B93327D7B12300BAAD15 /* RootCoordinator.swift */ = {isa = PBXFileReference; lastKnownFileType = sourcecode.swift; path = RootCoordinator.swift; sourceTree = "<group>"; };
		6A63B93527D7B21300BAAD15 /* StockListCoordibator.swift */ = {isa = PBXFileReference; lastKnownFileType = sourcecode.swift; path = StockListCoordibator.swift; sourceTree = "<group>"; };
		6A63B93727D8616D00BAAD15 /* StockListInteractorTest.swift */ = {isa = PBXFileReference; lastKnownFileType = sourcecode.swift; path = StockListInteractorTest.swift; sourceTree = "<group>"; };
		6A63B93C27D8676400BAAD15 /* StockMock.swift */ = {isa = PBXFileReference; lastKnownFileType = sourcecode.swift; path = StockMock.swift; sourceTree = "<group>"; };
		6A63B94027D86A6600BAAD15 /* StockListViewModelTest.swift */ = {isa = PBXFileReference; lastKnownFileType = sourcecode.swift; path = StockListViewModelTest.swift; sourceTree = "<group>"; };
/* End PBXFileReference section */

/* Begin PBXFrameworksBuildPhase section */
		6A63B8DE27D666AB00BAAD15 /* Frameworks */ = {
			isa = PBXFrameworksBuildPhase;
			buildActionMask = 2147483647;
			files = (
			);
			runOnlyForDeploymentPostprocessing = 0;
		};
		6A63B8F427D666AE00BAAD15 /* Frameworks */ = {
			isa = PBXFrameworksBuildPhase;
			buildActionMask = 2147483647;
			files = (
			);
			runOnlyForDeploymentPostprocessing = 0;
		};
		6A63B8FE27D666AE00BAAD15 /* Frameworks */ = {
			isa = PBXFrameworksBuildPhase;
			buildActionMask = 2147483647;
			files = (
			);
			runOnlyForDeploymentPostprocessing = 0;
		};
/* End PBXFrameworksBuildPhase section */

/* Begin PBXGroup section */
		6A63B8D827D666AB00BAAD15 = {
			isa = PBXGroup;
			children = (
				6A63B8E327D666AB00BAAD15 /* StocksApp */,
				6A63B8FA27D666AE00BAAD15 /* StocksAppTests */,
				6A63B90427D666AE00BAAD15 /* StocksAppUITests */,
				6A63B8E227D666AB00BAAD15 /* Products */,
			);
			sourceTree = "<group>";
		};
		6A63B8E227D666AB00BAAD15 /* Products */ = {
			isa = PBXGroup;
			children = (
				6A63B8E127D666AB00BAAD15 /* StocksApp.app */,
				6A63B8F727D666AE00BAAD15 /* StocksAppTests.xctest */,
				6A63B90127D666AE00BAAD15 /* StocksAppUITests.xctest */,
			);
			name = Products;
			sourceTree = "<group>";
		};
		6A63B8E327D666AB00BAAD15 /* StocksApp */ = {
			isa = PBXGroup;
			children = (
				6A63B91627D66C4000BAAD15 /* Model */,
				6A63B91527D66C3300BAAD15 /* ViewModel */,
				6A63B91427D66C2B00BAAD15 /* View */,
				6A63B93227D7B11100BAAD15 /* Coordinator */,
				6A63B92F27D783FA00BAAD15 /* Extension */,
				6A63B92827D70D0100BAAD15 /* Service */,
				6A63B92527D67C8900BAAD15 /* Domain */,
				6A63B8E427D666AB00BAAD15 /* AppDelegate.swift */,
				6A63B8E627D666AB00BAAD15 /* SceneDelegate.swift */,
				6A63B8ED27D666AE00BAAD15 /* Assets.xcassets */,
				6A63B8EF27D666AE00BAAD15 /* LaunchScreen.storyboard */,
				6A63B8F227D666AE00BAAD15 /* Info.plist */,
			);
			path = StocksApp;
			sourceTree = "<group>";
		};
		6A63B8FA27D666AE00BAAD15 /* StocksAppTests */ = {
			isa = PBXGroup;
			children = (
				6A63B93B27D8673500BAAD15 /* Mocks */,
				6A63B93A27D8671D00BAAD15 /* ViewModel */,
				6A63B93927D8671700BAAD15 /* Domain */,
			);
			path = StocksAppTests;
			sourceTree = "<group>";
		};
		6A63B90427D666AE00BAAD15 /* StocksAppUITests */ = {
			isa = PBXGroup;
			children = (
				6A63B90527D666AE00BAAD15 /* StocksAppUITests.swift */,
				6A63B90727D666AE00BAAD15 /* StocksAppUITestsLaunchTests.swift */,
			);
			path = StocksAppUITests;
			sourceTree = "<group>";
		};
		6A63B91427D66C2B00BAAD15 /* View */ = {
			isa = PBXGroup;
			children = (
				6A63B8EA27D666AB00BAAD15 /* Main.storyboard */,
				6A63B92327D67C1B00BAAD15 /* StockListViewController.swift */,
				6A63B92B27D751AA00BAAD15 /* StockListTableViewCell.swift */,
				6A63B92C27D751AA00BAAD15 /* StockListTableViewCell.xib */,
			);
			path = View;
			sourceTree = "<group>";
		};
		6A63B91527D66C3300BAAD15 /* ViewModel */ = {
			isa = PBXGroup;
			children = (
				6A63B92127D67BEE00BAAD15 /* StockListViewModel.swift */,
			);
			path = ViewModel;
			sourceTree = "<group>";
		};
		6A63B91627D66C4000BAAD15 /* Model */ = {
			isa = PBXGroup;
			children = (
				6A63B91727D66CAA00BAAD15 /* Stock.swift */,
			);
			path = Model;
			sourceTree = "<group>";
		};
		6A63B92527D67C8900BAAD15 /* Domain */ = {
			isa = PBXGroup;
			children = (
				6A63B92627D67CA900BAAD15 /* StockListInteractor.swift */,
			);
			path = Domain;
			sourceTree = "<group>";
		};
		6A63B92827D70D0100BAAD15 /* Service */ = {
			isa = PBXGroup;
			children = (
				6A63B92927D70D1100BAAD15 /* NetworkManager.swift */,
			);
			path = Service;
			sourceTree = "<group>";
		};
		6A63B92F27D783FA00BAAD15 /* Extension */ = {
			isa = PBXGroup;
			children = (
				6A63B93027D7840D00BAAD15 /* Double+Extension.swift */,
			);
			path = Extension;
			sourceTree = "<group>";
		};
		6A63B93227D7B11100BAAD15 /* Coordinator */ = {
			isa = PBXGroup;
			children = (
				6A63B93327D7B12300BAAD15 /* RootCoordinator.swift */,
				6A63B93527D7B21300BAAD15 /* StockListCoordibator.swift */,
			);
			path = Coordinator;
			sourceTree = "<group>";
		};
		6A63B93927D8671700BAAD15 /* Domain */ = {
			isa = PBXGroup;
			children = (
				6A63B93727D8616D00BAAD15 /* StockListInteractorTest.swift */,
			);
			path = Domain;
			sourceTree = "<group>";
		};
		6A63B93A27D8671D00BAAD15 /* ViewModel */ = {
			isa = PBXGroup;
			children = (
				6A63B94027D86A6600BAAD15 /* StockListViewModelTest.swift */,
			);
			path = ViewModel;
			sourceTree = "<group>";
		};
		6A63B93B27D8673500BAAD15 /* Mocks */ = {
			isa = PBXGroup;
			children = (
				6A63B93C27D8676400BAAD15 /* StockMock.swift */,
			);
			path = Mocks;
			sourceTree = "<group>";
		};
/* End PBXGroup section */

/* Begin PBXNativeTarget section */
		6A63B8E027D666AB00BAAD15 /* StocksApp */ = {
			isa = PBXNativeTarget;
			buildConfigurationList = 6A63B90B27D666AE00BAAD15 /* Build configuration list for PBXNativeTarget "StocksApp" */;
			buildPhases = (
				6A63B8DD27D666AB00BAAD15 /* Sources */,
				6A63B8DE27D666AB00BAAD15 /* Frameworks */,
				6A63B8DF27D666AB00BAAD15 /* Resources */,
			);
			buildRules = (
			);
			dependencies = (
			);
			name = StocksApp;
			productName = StocksApp;
			productReference = 6A63B8E127D666AB00BAAD15 /* StocksApp.app */;
			productType = "com.apple.product-type.application";
		};
		6A63B8F627D666AE00BAAD15 /* StocksAppTests */ = {
			isa = PBXNativeTarget;
			buildConfigurationList = 6A63B90E27D666AE00BAAD15 /* Build configuration list for PBXNativeTarget "StocksAppTests" */;
			buildPhases = (
				6A63B8F327D666AE00BAAD15 /* Sources */,
				6A63B8F427D666AE00BAAD15 /* Frameworks */,
				6A63B8F527D666AE00BAAD15 /* Resources */,
			);
			buildRules = (
			);
			dependencies = (
				6A63B8F927D666AE00BAAD15 /* PBXTargetDependency */,
			);
			name = StocksAppTests;
			productName = StocksAppTests;
			productReference = 6A63B8F727D666AE00BAAD15 /* StocksAppTests.xctest */;
			productType = "com.apple.product-type.bundle.unit-test";
		};
		6A63B90027D666AE00BAAD15 /* StocksAppUITests */ = {
			isa = PBXNativeTarget;
			buildConfigurationList = 6A63B91127D666AE00BAAD15 /* Build configuration list for PBXNativeTarget "StocksAppUITests" */;
			buildPhases = (
				6A63B8FD27D666AE00BAAD15 /* Sources */,
				6A63B8FE27D666AE00BAAD15 /* Frameworks */,
				6A63B8FF27D666AE00BAAD15 /* Resources */,
			);
			buildRules = (
			);
			dependencies = (
				6A63B90327D666AE00BAAD15 /* PBXTargetDependency */,
			);
			name = StocksAppUITests;
			productName = StocksAppUITests;
			productReference = 6A63B90127D666AE00BAAD15 /* StocksAppUITests.xctest */;
			productType = "com.apple.product-type.bundle.ui-testing";
		};
/* End PBXNativeTarget section */

/* Begin PBXProject section */
		6A63B8D927D666AB00BAAD15 /* Project object */ = {
			isa = PBXProject;
			attributes = {
				BuildIndependentTargetsInParallel = 1;
				LastSwiftUpdateCheck = 1320;
				LastUpgradeCheck = 1320;
				TargetAttributes = {
					6A63B8E027D666AB00BAAD15 = {
						CreatedOnToolsVersion = 13.2.1;
					};
					6A63B8F627D666AE00BAAD15 = {
						CreatedOnToolsVersion = 13.2.1;
						TestTargetID = 6A63B8E027D666AB00BAAD15;
					};
					6A63B90027D666AE00BAAD15 = {
						CreatedOnToolsVersion = 13.2.1;
						TestTargetID = 6A63B8E027D666AB00BAAD15;
					};
				};
			};
			buildConfigurationList = 6A63B8DC27D666AB00BAAD15 /* Build configuration list for PBXProject "StocksApp" */;
			compatibilityVersion = "Xcode 13.0";
			developmentRegion = en;
			hasScannedForEncodings = 0;
			knownRegions = (
				en,
				Base,
			);
			mainGroup = 6A63B8D827D666AB00BAAD15;
			productRefGroup = 6A63B8E227D666AB00BAAD15 /* Products */;
			projectDirPath = "";
			projectRoot = "";
			targets = (
				6A63B8E027D666AB00BAAD15 /* StocksApp */,
				6A63B8F627D666AE00BAAD15 /* StocksAppTests */,
				6A63B90027D666AE00BAAD15 /* StocksAppUITests */,
			);
		};
/* End PBXProject section */

/* Begin PBXResourcesBuildPhase section */
		6A63B8DF27D666AB00BAAD15 /* Resources */ = {
			isa = PBXResourcesBuildPhase;
			buildActionMask = 2147483647;
			files = (
				6A63B8F127D666AE00BAAD15 /* LaunchScreen.storyboard in Resources */,
				6A63B8EE27D666AE00BAAD15 /* Assets.xcassets in Resources */,
				6A63B92E27D751AA00BAAD15 /* StockListTableViewCell.xib in Resources */,
				6A63B8EC27D666AB00BAAD15 /* Main.storyboard in Resources */,
			);
			runOnlyForDeploymentPostprocessing = 0;
		};
		6A63B8F527D666AE00BAAD15 /* Resources */ = {
			isa = PBXResourcesBuildPhase;
			buildActionMask = 2147483647;
			files = (
			);
			runOnlyForDeploymentPostprocessing = 0;
		};
		6A63B8FF27D666AE00BAAD15 /* Resources */ = {
			isa = PBXResourcesBuildPhase;
			buildActionMask = 2147483647;
			files = (
			);
			runOnlyForDeploymentPostprocessing = 0;
		};
/* End PBXResourcesBuildPhase section */

/* Begin PBXSourcesBuildPhase section */
		6A63B8DD27D666AB00BAAD15 /* Sources */ = {
			isa = PBXSourcesBuildPhase;
			buildActionMask = 2147483647;
			files = (
				6A63B8E527D666AB00BAAD15 /* AppDelegate.swift in Sources */,
				6A63B91827D66CAA00BAAD15 /* Stock.swift in Sources */,
				6A63B93427D7B12300BAAD15 /* RootCoordinator.swift in Sources */,
				6A63B93127D7840D00BAAD15 /* Double+Extension.swift in Sources */,
				6A63B93627D7B21300BAAD15 /* StockListCoordibator.swift in Sources */,
				6A63B92D27D751AA00BAAD15 /* StockListTableViewCell.swift in Sources */,
				6A63B8E727D666AB00BAAD15 /* SceneDelegate.swift in Sources */,
				6A63B92A27D70D1100BAAD15 /* NetworkManager.swift in Sources */,
				6A63B92727D67CA900BAAD15 /* StockListInteractor.swift in Sources */,
				6A63B92227D67BEE00BAAD15 /* StockListViewModel.swift in Sources */,
				6A63B92427D67C1B00BAAD15 /* StockListViewController.swift in Sources */,
			);
			runOnlyForDeploymentPostprocessing = 0;
		};
		6A63B8F327D666AE00BAAD15 /* Sources */ = {
			isa = PBXSourcesBuildPhase;
			buildActionMask = 2147483647;
			files = (
				6A63B94127D86A6600BAAD15 /* StockListViewModelTest.swift in Sources */,
				6A63B93D27D8676400BAAD15 /* StockMock.swift in Sources */,
				6A63B93827D8616D00BAAD15 /* StockListInteractorTest.swift in Sources */,
			);
			runOnlyForDeploymentPostprocessing = 0;
		};
		6A63B8FD27D666AE00BAAD15 /* Sources */ = {
			isa = PBXSourcesBuildPhase;
			buildActionMask = 2147483647;
			files = (
				6A63B90627D666AE00BAAD15 /* StocksAppUITests.swift in Sources */,
				6A63B90827D666AE00BAAD15 /* StocksAppUITestsLaunchTests.swift in Sources */,
			);
			runOnlyForDeploymentPostprocessing = 0;
		};
/* End PBXSourcesBuildPhase section */

/* Begin PBXTargetDependency section */
		6A63B8F927D666AE00BAAD15 /* PBXTargetDependency */ = {
			isa = PBXTargetDependency;
			target = 6A63B8E027D666AB00BAAD15 /* StocksApp */;
			targetProxy = 6A63B8F827D666AE00BAAD15 /* PBXContainerItemProxy */;
		};
		6A63B90327D666AE00BAAD15 /* PBXTargetDependency */ = {
			isa = PBXTargetDependency;
			target = 6A63B8E027D666AB00BAAD15 /* StocksApp */;
			targetProxy = 6A63B90227D666AE00BAAD15 /* PBXContainerItemProxy */;
		};
/* End PBXTargetDependency section */

/* Begin PBXVariantGroup section */
		6A63B8EA27D666AB00BAAD15 /* Main.storyboard */ = {
			isa = PBXVariantGroup;
			children = (
				6A63B8EB27D666AB00BAAD15 /* Base */,
			);
			name = Main.storyboard;
			sourceTree = "<group>";
		};
		6A63B8EF27D666AE00BAAD15 /* LaunchScreen.storyboard */ = {
			isa = PBXVariantGroup;
			children = (
				6A63B8F027D666AE00BAAD15 /* Base */,
			);
			name = LaunchScreen.storyboard;
			sourceTree = "<group>";
		};
/* End PBXVariantGroup section */

/* Begin XCBuildConfiguration section */
		6A63B90927D666AE00BAAD15 /* Debug */ = {
			isa = XCBuildConfiguration;
			buildSettings = {
				ALWAYS_SEARCH_USER_PATHS = NO;
				CLANG_ANALYZER_NONNULL = YES;
				CLANG_ANALYZER_NUMBER_OBJECT_CONVERSION = YES_AGGRESSIVE;
				CLANG_CXX_LANGUAGE_STANDARD = "gnu++17";
				CLANG_CXX_LIBRARY = "libc++";
				CLANG_ENABLE_MODULES = YES;
				CLANG_ENABLE_OBJC_ARC = YES;
				CLANG_ENABLE_OBJC_WEAK = YES;
				CLANG_WARN_BLOCK_CAPTURE_AUTORELEASING = YES;
				CLANG_WARN_BOOL_CONVERSION = YES;
				CLANG_WARN_COMMA = YES;
				CLANG_WARN_CONSTANT_CONVERSION = YES;
				CLANG_WARN_DEPRECATED_OBJC_IMPLEMENTATIONS = YES;
				CLANG_WARN_DIRECT_OBJC_ISA_USAGE = YES_ERROR;
				CLANG_WARN_DOCUMENTATION_COMMENTS = YES;
				CLANG_WARN_EMPTY_BODY = YES;
				CLANG_WARN_ENUM_CONVERSION = YES;
				CLANG_WARN_INFINITE_RECURSION = YES;
				CLANG_WARN_INT_CONVERSION = YES;
				CLANG_WARN_NON_LITERAL_NULL_CONVERSION = YES;
				CLANG_WARN_OBJC_IMPLICIT_RETAIN_SELF = YES;
				CLANG_WARN_OBJC_LITERAL_CONVERSION = YES;
				CLANG_WARN_OBJC_ROOT_CLASS = YES_ERROR;
				CLANG_WARN_QUOTED_INCLUDE_IN_FRAMEWORK_HEADER = YES;
				CLANG_WARN_RANGE_LOOP_ANALYSIS = YES;
				CLANG_WARN_STRICT_PROTOTYPES = YES;
				CLANG_WARN_SUSPICIOUS_MOVE = YES;
				CLANG_WARN_UNGUARDED_AVAILABILITY = YES_AGGRESSIVE;
				CLANG_WARN_UNREACHABLE_CODE = YES;
				CLANG_WARN__DUPLICATE_METHOD_MATCH = YES;
				COPY_PHASE_STRIP = NO;
				DEBUG_INFORMATION_FORMAT = dwarf;
				ENABLE_STRICT_OBJC_MSGSEND = YES;
				ENABLE_TESTABILITY = YES;
				GCC_C_LANGUAGE_STANDARD = gnu11;
				GCC_DYNAMIC_NO_PIC = NO;
				GCC_NO_COMMON_BLOCKS = YES;
				GCC_OPTIMIZATION_LEVEL = 0;
				GCC_PREPROCESSOR_DEFINITIONS = (
					"DEBUG=1",
					"$(inherited)",
				);
				GCC_WARN_64_TO_32_BIT_CONVERSION = YES;
				GCC_WARN_ABOUT_RETURN_TYPE = YES_ERROR;
				GCC_WARN_UNDECLARED_SELECTOR = YES;
				GCC_WARN_UNINITIALIZED_AUTOS = YES_AGGRESSIVE;
				GCC_WARN_UNUSED_FUNCTION = YES;
				GCC_WARN_UNUSED_VARIABLE = YES;
				IPHONEOS_DEPLOYMENT_TARGET = 15.2;
				MTL_ENABLE_DEBUG_INFO = INCLUDE_SOURCE;
				MTL_FAST_MATH = YES;
				ONLY_ACTIVE_ARCH = YES;
				SDKROOT = iphoneos;
				SWIFT_ACTIVE_COMPILATION_CONDITIONS = DEBUG;
				SWIFT_OPTIMIZATION_LEVEL = "-Onone";
			};
			name = Debug;
		};
		6A63B90A27D666AE00BAAD15 /* Release */ = {
			isa = XCBuildConfiguration;
			buildSettings = {
				ALWAYS_SEARCH_USER_PATHS = NO;
				CLANG_ANALYZER_NONNULL = YES;
				CLANG_ANALYZER_NUMBER_OBJECT_CONVERSION = YES_AGGRESSIVE;
				CLANG_CXX_LANGUAGE_STANDARD = "gnu++17";
				CLANG_CXX_LIBRARY = "libc++";
				CLANG_ENABLE_MODULES = YES;
				CLANG_ENABLE_OBJC_ARC = YES;
				CLANG_ENABLE_OBJC_WEAK = YES;
				CLANG_WARN_BLOCK_CAPTURE_AUTORELEASING = YES;
				CLANG_WARN_BOOL_CONVERSION = YES;
				CLANG_WARN_COMMA = YES;
				CLANG_WARN_CONSTANT_CONVERSION = YES;
				CLANG_WARN_DEPRECATED_OBJC_IMPLEMENTATIONS = YES;
				CLANG_WARN_DIRECT_OBJC_ISA_USAGE = YES_ERROR;
				CLANG_WARN_DOCUMENTATION_COMMENTS = YES;
				CLANG_WARN_EMPTY_BODY = YES;
				CLANG_WARN_ENUM_CONVERSION = YES;
				CLANG_WARN_INFINITE_RECURSION = YES;
				CLANG_WARN_INT_CONVERSION = YES;
				CLANG_WARN_NON_LITERAL_NULL_CONVERSION = YES;
				CLANG_WARN_OBJC_IMPLICIT_RETAIN_SELF = YES;
				CLANG_WARN_OBJC_LITERAL_CONVERSION = YES;
				CLANG_WARN_OBJC_ROOT_CLASS = YES_ERROR;
				CLANG_WARN_QUOTED_INCLUDE_IN_FRAMEWORK_HEADER = YES;
				CLANG_WARN_RANGE_LOOP_ANALYSIS = YES;
				CLANG_WARN_STRICT_PROTOTYPES = YES;
				CLANG_WARN_SUSPICIOUS_MOVE = YES;
				CLANG_WARN_UNGUARDED_AVAILABILITY = YES_AGGRESSIVE;
				CLANG_WARN_UNREACHABLE_CODE = YES;
				CLANG_WARN__DUPLICATE_METHOD_MATCH = YES;
				COPY_PHASE_STRIP = NO;
				DEBUG_INFORMATION_FORMAT = "dwarf-with-dsym";
				ENABLE_NS_ASSERTIONS = NO;
				ENABLE_STRICT_OBJC_MSGSEND = YES;
				GCC_C_LANGUAGE_STANDARD = gnu11;
				GCC_NO_COMMON_BLOCKS = YES;
				GCC_WARN_64_TO_32_BIT_CONVERSION = YES;
				GCC_WARN_ABOUT_RETURN_TYPE = YES_ERROR;
				GCC_WARN_UNDECLARED_SELECTOR = YES;
				GCC_WARN_UNINITIALIZED_AUTOS = YES_AGGRESSIVE;
				GCC_WARN_UNUSED_FUNCTION = YES;
				GCC_WARN_UNUSED_VARIABLE = YES;
				IPHONEOS_DEPLOYMENT_TARGET = 15.2;
				MTL_ENABLE_DEBUG_INFO = NO;
				MTL_FAST_MATH = YES;
				SDKROOT = iphoneos;
				SWIFT_COMPILATION_MODE = wholemodule;
				SWIFT_OPTIMIZATION_LEVEL = "-O";
				VALIDATE_PRODUCT = YES;
			};
			name = Release;
		};
		6A63B90C27D666AE00BAAD15 /* Debug */ = {
			isa = XCBuildConfiguration;
			buildSettings = {
				ASSETCATALOG_COMPILER_APPICON_NAME = AppIcon;
				ASSETCATALOG_COMPILER_GLOBAL_ACCENT_COLOR_NAME = AccentColor;
				CODE_SIGN_STYLE = Automatic;
				CURRENT_PROJECT_VERSION = 1;
				GENERATE_INFOPLIST_FILE = YES;
				INFOPLIST_FILE = StocksApp/Info.plist;
				INFOPLIST_KEY_UIApplicationSupportsIndirectInputEvents = YES;
				INFOPLIST_KEY_UILaunchStoryboardName = LaunchScreen;
				INFOPLIST_KEY_UIMainStoryboardFile = Main;
				INFOPLIST_KEY_UISupportedInterfaceOrientations_iPad = "UIInterfaceOrientationPortrait UIInterfaceOrientationPortraitUpsideDown UIInterfaceOrientationLandscapeLeft UIInterfaceOrientationLandscapeRight";
				INFOPLIST_KEY_UISupportedInterfaceOrientations_iPhone = "UIInterfaceOrientationPortrait UIInterfaceOrientationLandscapeLeft UIInterfaceOrientationLandscapeRight";
				LD_RUNPATH_SEARCH_PATHS = (
					"$(inherited)",
					"@executable_path/Frameworks",
				);
				MARKETING_VERSION = 1.0;
				PRODUCT_BUNDLE_IDENTIFIER = com.abhi.StocksApp;
				PRODUCT_NAME = "$(TARGET_NAME)";
				SWIFT_EMIT_LOC_STRINGS = YES;
				SWIFT_VERSION = 5.0;
				TARGETED_DEVICE_FAMILY = "1,2";
			};
			name = Debug;
		};
		6A63B90D27D666AE00BAAD15 /* Release */ = {
			isa = XCBuildConfiguration;
			buildSettings = {
				ASSETCATALOG_COMPILER_APPICON_NAME = AppIcon;
				ASSETCATALOG_COMPILER_GLOBAL_ACCENT_COLOR_NAME = AccentColor;
				CODE_SIGN_STYLE = Automatic;
				CURRENT_PROJECT_VERSION = 1;
				GENERATE_INFOPLIST_FILE = YES;
				INFOPLIST_FILE = StocksApp/Info.plist;
				INFOPLIST_KEY_UIApplicationSupportsIndirectInputEvents = YES;
				INFOPLIST_KEY_UILaunchStoryboardName = LaunchScreen;
				INFOPLIST_KEY_UIMainStoryboardFile = Main;
				INFOPLIST_KEY_UISupportedInterfaceOrientations_iPad = "UIInterfaceOrientationPortrait UIInterfaceOrientationPortraitUpsideDown UIInterfaceOrientationLandscapeLeft UIInterfaceOrientationLandscapeRight";
				INFOPLIST_KEY_UISupportedInterfaceOrientations_iPhone = "UIInterfaceOrientationPortrait UIInterfaceOrientationLandscapeLeft UIInterfaceOrientationLandscapeRight";
				LD_RUNPATH_SEARCH_PATHS = (
					"$(inherited)",
					"@executable_path/Frameworks",
				);
				MARKETING_VERSION = 1.0;
				PRODUCT_BUNDLE_IDENTIFIER = com.abhi.StocksApp;
				PRODUCT_NAME = "$(TARGET_NAME)";
				SWIFT_EMIT_LOC_STRINGS = YES;
				SWIFT_VERSION = 5.0;
				TARGETED_DEVICE_FAMILY = "1,2";
			};
			name = Release;
		};
		6A63B90F27D666AE00BAAD15 /* Debug */ = {
			isa = XCBuildConfiguration;
			buildSettings = {
				ALWAYS_EMBED_SWIFT_STANDARD_LIBRARIES = YES;
				BUNDLE_LOADER = "$(TEST_HOST)";
				CODE_SIGN_STYLE = Automatic;
				CURRENT_PROJECT_VERSION = 1;
				GENERATE_INFOPLIST_FILE = YES;
				IPHONEOS_DEPLOYMENT_TARGET = 15.2;
				MARKETING_VERSION = 1.0;
				PRODUCT_BUNDLE_IDENTIFIER = com.abhi.StocksAppTests;
				PRODUCT_NAME = "$(TARGET_NAME)";
				SWIFT_EMIT_LOC_STRINGS = NO;
				SWIFT_VERSION = 5.0;
				TARGETED_DEVICE_FAMILY = "1,2";
				TEST_HOST = "$(BUILT_PRODUCTS_DIR)/StocksApp.app/StocksApp";
			};
			name = Debug;
		};
		6A63B91027D666AE00BAAD15 /* Release */ = {
			isa = XCBuildConfiguration;
			buildSettings = {
				ALWAYS_EMBED_SWIFT_STANDARD_LIBRARIES = YES;
				BUNDLE_LOADER = "$(TEST_HOST)";
				CODE_SIGN_STYLE = Automatic;
				CURRENT_PROJECT_VERSION = 1;
				GENERATE_INFOPLIST_FILE = YES;
				IPHONEOS_DEPLOYMENT_TARGET = 15.2;
				MARKETING_VERSION = 1.0;
				PRODUCT_BUNDLE_IDENTIFIER = com.abhi.StocksAppTests;
				PRODUCT_NAME = "$(TARGET_NAME)";
				SWIFT_EMIT_LOC_STRINGS = NO;
				SWIFT_VERSION = 5.0;
				TARGETED_DEVICE_FAMILY = "1,2";
				TEST_HOST = "$(BUILT_PRODUCTS_DIR)/StocksApp.app/StocksApp";
			};
			name = Release;
		};
		6A63B91227D666AE00BAAD15 /* Debug */ = {
			isa = XCBuildConfiguration;
			buildSettings = {
				ALWAYS_EMBED_SWIFT_STANDARD_LIBRARIES = YES;
				CODE_SIGN_STYLE = Automatic;
				CURRENT_PROJECT_VERSION = 1;
				GENERATE_INFOPLIST_FILE = YES;
				MARKETING_VERSION = 1.0;
				PRODUCT_BUNDLE_IDENTIFIER = com.abhi.StocksAppUITests;
				PRODUCT_NAME = "$(TARGET_NAME)";
				SWIFT_EMIT_LOC_STRINGS = NO;
				SWIFT_VERSION = 5.0;
				TARGETED_DEVICE_FAMILY = "1,2";
				TEST_TARGET_NAME = StocksApp;
			};
			name = Debug;
		};
		6A63B91327D666AE00BAAD15 /* Release */ = {
			isa = XCBuildConfiguration;
			buildSettings = {
				ALWAYS_EMBED_SWIFT_STANDARD_LIBRARIES = YES;
				CODE_SIGN_STYLE = Automatic;
				CURRENT_PROJECT_VERSION = 1;
				GENERATE_INFOPLIST_FILE = YES;
				MARKETING_VERSION = 1.0;
				PRODUCT_BUNDLE_IDENTIFIER = com.abhi.StocksAppUITests;
				PRODUCT_NAME = "$(TARGET_NAME)";
				SWIFT_EMIT_LOC_STRINGS = NO;
				SWIFT_VERSION = 5.0;
				TARGETED_DEVICE_FAMILY = "1,2";
				TEST_TARGET_NAME = StocksApp;
			};
			name = Release;
		};
/* End XCBuildConfiguration section */

/* Begin XCConfigurationList section */
		6A63B8DC27D666AB00BAAD15 /* Build configuration list for PBXProject "StocksApp" */ = {
			isa = XCConfigurationList;
			buildConfigurations = (
				6A63B90927D666AE00BAAD15 /* Debug */,
				6A63B90A27D666AE00BAAD15 /* Release */,
			);
			defaultConfigurationIsVisible = 0;
			defaultConfigurationName = Release;
		};
		6A63B90B27D666AE00BAAD15 /* Build configuration list for PBXNativeTarget "StocksApp" */ = {
			isa = XCConfigurationList;
			buildConfigurations = (
				6A63B90C27D666AE00BAAD15 /* Debug */,
				6A63B90D27D666AE00BAAD15 /* Release */,
			);
			defaultConfigurationIsVisible = 0;
			defaultConfigurationName = Release;
		};
		6A63B90E27D666AE00BAAD15 /* Build configuration list for PBXNativeTarget "StocksAppTests" */ = {
			isa = XCConfigurationList;
			buildConfigurations = (
				6A63B90F27D666AE00BAAD15 /* Debug */,
				6A63B91027D666AE00BAAD15 /* Release */,
			);
			defaultConfigurationIsVisible = 0;
			defaultConfigurationName = Release;
		};
		6A63B91127D666AE00BAAD15 /* Build configuration list for PBXNativeTarget "StocksAppUITests" */ = {
			isa = XCConfigurationList;
			buildConfigurations = (
				6A63B91227D666AE00BAAD15 /* Debug */,
				6A63B91327D666AE00BAAD15 /* Release */,
			);
			defaultConfigurationIsVisible = 0;
			defaultConfigurationName = Release;
		};
/* End XCConfigurationList section */
	};
	rootObject = 6A63B8D927D666AB00BAAD15 /* Project object */;
}
